version = 1
revision = 3
requires-python = "==3.12.*"

[[package]]
name = "colorama"
version = "0.4.6"
source = { registry = "https://pypi.org/simple" }
sdist = { url = "https://files.pythonhosted.org/packages/d8/53/6f443c9a4a8358a93a6792e2acffb9d9d5cb0a5cfd8802644b7b1c9a02e4/colorama-0.4.6.tar.gz", hash = "sha256:08695f5cb7ed6e0531a20572697297273c47b8cae5a63ffc6d6ed5c201be6e44", size = 27697, upload-time = "2022-10-25T02:36:22.414Z" }
wheels = [
    { url = "https://files.pythonhosted.org/packages/d1/d6/3965ed04c63042e047cb6a3e6ed1a63a35087b6a609aa3a15ed8ac56c221/colorama-0.4.6-py2.py3-none-any.whl", hash = "sha256:4f1d9991f5acc0ca119f9d443620b77f9d6b33703e51011c16baf57afb285fc6", size = 25335, upload-time = "2022-10-25T02:36:20.889Z" },
]

[[package]]
name = "duckdb"
version = "1.1.3"
source = { registry = "https://pypi.org/simple" }
sdist = { url = "https://files.pythonhosted.org/packages/a0/d7/ec014b351b6bb026d5f473b1d0ec6bd6ba40786b9abbf530b4c9041d9895/duckdb-1.1.3.tar.gz", hash = "sha256:68c3a46ab08836fe041d15dcbf838f74a990d551db47cb24ab1c4576fc19351c", size = 12240672, upload-time = "2024-11-04T14:03:28.533Z" }
wheels = [
    { url = "https://files.pythonhosted.org/packages/9b/ff/7ee500f4cff0d2a581c1afdf2c12f70ee3bf1a61041fea4d88934a35a7a3/duckdb-1.1.3-cp312-cp312-macosx_12_0_arm64.whl", hash = "sha256:a433ae9e72c5f397c44abdaa3c781d94f94f4065bcbf99ecd39433058c64cb38", size = 15482881, upload-time = "2024-11-04T14:01:50.842Z" },
    { url = "https://files.pythonhosted.org/packages/28/16/dda10da6bde54562c3cb0002ca3b7678e3108fa73ac9b7509674a02c5249/duckdb-1.1.3-cp312-cp312-macosx_12_0_universal2.whl", hash = "sha256:d08308e0a46c748d9c30f1d67ee1143e9c5ea3fbcccc27a47e115b19e7e78aa9", size = 32349440, upload-time = "2024-11-04T14:01:53.772Z" },
    { url = "https://files.pythonhosted.org/packages/2e/c2/06f7f7a51a1843c9384e1637abb6bbebc29367710ffccc7e7e52d72b3dd9/duckdb-1.1.3-cp312-cp312-macosx_12_0_x86_64.whl", hash = "sha256:5d57776539211e79b11e94f2f6d63de77885f23f14982e0fac066f2885fcf3ff", size = 16953473, upload-time = "2024-11-04T14:01:56.367Z" },
    { url = "https://files.pythonhosted.org/packages/1a/84/9991221ef7dde79d85231f20646e1b12d645490cd8be055589276f62847e/duckdb-1.1.3-cp312-cp312-manylinux_2_17_aarch64.manylinux2014_aarch64.whl", hash = "sha256:e59087dbbb63705f2483544e01cccf07d5b35afa58be8931b224f3221361d537", size = 18491915, upload-time = "2024-11-04T14:01:59.518Z" },
    { url = "https://files.pythonhosted.org/packages/aa/76/330fe16f12b7ddda0c664ba9869f3afbc8773dbe17ae750121d407dc0f37/duckdb-1.1.3-cp312-cp312-manylinux_2_17_x86_64.manylinux2014_x86_64.whl", hash = "sha256:4ebf5f60ddbd65c13e77cddb85fe4af671d31b851f125a4d002a313696af43f1", size = 20150288, upload-time = "2024-11-04T14:02:01.865Z" },
    { url = "https://files.pythonhosted.org/packages/c4/88/e4b08b7a5d08c0f65f6c7a6594de64431ce7df38d7258511417ba7989ad3/duckdb-1.1.3-cp312-cp312-manylinux_2_24_aarch64.manylinux_2_28_aarch64.whl", hash = "sha256:e4ef7ba97a65bd39d66f2a7080e6fb60e7c3e41d4c1e19245f90f53b98e3ac32", size = 18296560, upload-time = "2024-11-04T14:02:04.242Z" },
    { url = "https://files.pythonhosted.org/packages/1a/32/011e6e3ce14375a1ba01a588c119ad82be757f847c6b60207e0762d9ec3a/duckdb-1.1.3-cp312-cp312-musllinux_1_2_x86_64.whl", hash = "sha256:f58db1b65593ff796c8ea6e63e2e144c944dd3d51c8d8e40dffa7f41693d35d3", size = 21635270, upload-time = "2024-11-04T14:02:06.511Z" },
    { url = "https://files.pythonhosted.org/packages/f2/eb/58d4e0eccdc7b3523c062d008ad9eef28edccf88591d1a78659c809fe6e8/duckdb-1.1.3-cp312-cp312-win_amd64.whl", hash = "sha256:e86006958e84c5c02f08f9b96f4bc26990514eab329b1b4f71049b3727ce5989", size = 10955715, upload-time = "2024-11-04T14:02:09.122Z" },
]

[[package]]
name = "gtfs-explorer-desktop"
source = { editable = "." }
dependencies = [
    { name = "duckdb" },
    { name = "nuitka" },
    { name = "pyside6" },
    { name = "shapely" },
]

[package.dev-dependencies]
dev = [
    { name = "mypy" },
    { name = "pytest" },
    { name = "ruff" },
]

[package.metadata]
requires-dist = [
    { name = "duckdb", specifier = "==1.1.3" },
    { name = "nuitka", specifier = "==2.6.9" },
    { name = "pyside6", specifier = "==6.8.3" },
    { name = "shapely", specifier = "==2.1.2" },
]

[package.metadata.requires-dev]
dev = [
    { name = "mypy", specifier = "==1.15.0" },
    { name = "pytest", specifier = "==8.3.5" },
    { name = "ruff", specifier = "==0.9.10" },
]

[[package]]
name = "iniconfig"
version = "2.3.0"
source = { registry = "https://pypi.org/simple" }
sdist = { url = "https://files.pythonhosted.org/packages/72/34/14ca021ce8e5dfedc35312d08ba8bf51fdd999c576889fc2c24cb97f4f10/iniconfig-2.3.0.tar.gz", hash = "sha256:c76315c77db068650d49c5b56314774a7804df16fee4402c1f19d6d15d8c4730", size = 20503, upload-time = "2025-10-18T21:55:43.219Z" }
wheels = [
    { url = "https://files.pythonhosted.org/packages/cb/b1/3846dd7f199d53cb17f49cba7e651e9ce294d8497c8c150530ed11865bb8/iniconfig-2.3.0-py3-none-any.whl", hash = "sha256:f631c04d2c48c52b84d0d0549c99ff3859c98df65b3101406327ecc7d53fbf12", size = 7484, upload-time = "2025-10-18T21:55:41.639Z" },
]

[[package]]
name = "mypy"
version = "1.15.0"
source = { registry = "https://pypi.org/simple" }
dependencies = [
    { name = "mypy-extensions" },
    { name = "typing-extensions" },
]
sdist = { url = "https://files.pythonhosted.org/packages/ce/43/d5e49a86afa64bd3839ea0d5b9c7103487007d728e1293f52525d6d5486a/mypy-1.15.0.tar.gz", hash = "sha256:404534629d51d3efea5c800ee7c42b72a6554d6c400e6a79eafe15d11341fd43", size = 3239717, upload-time = "2025-02-05T03:50:34.655Z" }
wheels = [
    { url = "https://files.pythonhosted.org/packages/98/3a/03c74331c5eb8bd025734e04c9840532226775c47a2c39b56a0c8d4f128d/mypy-1.15.0-cp312-cp312-macosx_10_13_x86_64.whl", hash = "sha256:aea39e0583d05124836ea645f412e88a5c7d0fd77a6d694b60d9b6b2d9f184fd", size = 10793981, upload-time = "2025-02-05T03:50:28.25Z" },
    { url = "https://files.pythonhosted.org/packages/f0/1a/41759b18f2cfd568848a37c89030aeb03534411eef981df621d8fad08a1d/mypy-1.15.0-cp312-cp312-macosx_11_0_arm64.whl", hash = "sha256:2f2147ab812b75e5b5499b01ade1f4a81489a147c01585cda36019102538615f", size = 9749175, upload-time = "2025-02-05T03:50:13.411Z" },
    { url = "https://files.pythonhosted.org/packages/12/7e/873481abf1ef112c582db832740f4c11b2bfa510e829d6da29b0ab8c3f9c/mypy-1.15.0-cp312-cp312-manylinux_2_17_aarch64.manylinux2014_aarch64.manylinux_2_28_aarch64.whl", hash = "sha256:ce436f4c6d218a070048ed6a44c0bbb10cd2cc5e272b29e7845f6a2f57ee4464", size = 11455675, upload-time = "2025-02-05T03:50:31.421Z" },
    { url = "https://files.pythonhosted.org/packages/b3/d0/92ae4cde706923a2d3f2d6c39629134063ff64b9dedca9c1388363da072d/mypy-1.15.0-cp312-cp312-manylinux_2_17_x86_64.manylinux2014_x86_64.manylinux_2_28_x86_64.whl", hash = "sha256:8023ff13985661b50a5928fc7a5ca15f3d1affb41e5f0a9952cb68ef090b31ee", size = 12410020, upload-time = "2025-02-05T03:48:48.705Z" },
    { url = "https://files.pythonhosted.org/packages/46/8b/df49974b337cce35f828ba6fda228152d6db45fed4c86ba56ffe442434fd/mypy-1.15.0-cp312-cp312-musllinux_1_2_x86_64.whl", hash = "sha256:1124a18bc11a6a62887e3e137f37f53fbae476dc36c185d549d4f837a2a6a14e", size = 12498582, upload-time = "2025-02-05T03:49:03.628Z" },
    { url = "https://files.pythonhosted.org/packages/13/50/da5203fcf6c53044a0b699939f31075c45ae8a4cadf538a9069b165c1050/mypy-1.15.0-cp312-cp312-win_amd64.whl", hash = "sha256:171a9ca9a40cd1843abeca0e405bc1940cd9b305eaeea2dda769ba096932bb22", size = 9366614, upload-time = "2025-02-05T03:50:00.313Z" },
    { url = "https://files.pythonhosted.org/packages/09/4e/a7d65c7322c510de2c409ff3828b03354a7c43f5a8ed458a7a131b41c7b9/mypy-1.15.0-py3-none-any.whl", hash = "sha256:5469affef548bd1895d86d3bf10ce2b44e33d86923c29e4d675b3e323437ea3e", size = 2221777, upload-time = "2025-02-05T03:50:08.348Z" },
]

[[package]]
name = "mypy-extensions"
version = "1.1.0"
source = { registry = "https://pypi.org/simple" }
sdist = { url = "https://files.pythonhosted.org/packages/a2/6e/371856a3fb9d31ca8dac321cda606860fa4548858c0cc45d9d1d4ca2628b/mypy_extensions-1.1.0.tar.gz", hash = "sha256:52e68efc3284861e772bbcd66823fde5ae21fd2fdb51c62a211403730b916558", size = 6343, upload-time = "2025-04-22T14:54:24.164Z" }
wheels = [
    { url = "https://files.pythonhosted.org/packages/79/7b/2c79738432f5c924bef5071f933bcc9efd0473bac3b4aa584a6f7c1c8df8/mypy_extensions-1.1.0-py3-none-any.whl", hash = "sha256:1be4cccdb0f2482337c4743e60421de3a356cd97508abadd57d47403e94f5505", size = 4963, upload-time = "2025-04-22T14:54:22.983Z" },
]

[[package]]
name = "nuitka"
version = "2.6.9"
source = { registry = "https://pypi.org/simple" }
dependencies = [
    { name = "ordered-set" },
    { name = "zstandard" },
]
sdist = { url = "https://files.pythonhosted.org/packages/dc/2b/b88531a2735ac05346bffd9a106a45a02c81bcb34d6f5de518a488d53900/Nuitka-2.6.9.tar.gz", hash = "sha256:50e1d2fae48c32b0103850df5ad2ccdde7f3c736545681c0896a5ce233597a5d", size = 3869212, upload-time = "2025-03-28T08:55:00.715Z" }

[[package]]
name = "numpy"
version = "2.5.2"
source = { registry = "https://pypi.org/simple" }
sdist = { url = "https://files.pythonhosted.org/packages/9a/80/db0b4559e57ec36362bedbb05530a87fafbcb6067708c946967a41d449e7/numpy-2.5.2.tar.gz", hash = "sha256:d482d171c406ae88c5b19cad3b6a1c4c5209f886ab74bc44c2c865c23f52d860", size = 20773161, upload-time = "2026-08-09T13:48:27.962Z" }
wheels = [
    { url = "https://files.pythonhosted.org/packages/69/72/dccb0aaf40972777283303919f613964227266d0c13adebb79ac124f1c3e/numpy-2.5.2-cp312-cp312-macosx_10_13_x86_64.whl", hash = "sha256:14e373cfc6387177e8409dac3c7159be8eb05cd77096cd7c950268b86f62831c", size = 16891693, upload-time = "2026-08-09T13:44:51.702Z" },
    { url = "https://files.pythonhosted.org/packages/60/2e/b5aee50a1f74ac815cf8331812cb8251e29024025de462e0c047641c614c/numpy-2.5.2-cp312-cp312-macosx_11_0_arm64.whl", hash = "sha256:4bbd96c833ecc8cc069ce518078fc8c60cb9cbfb0fea5b7a803ad65035596d03", size = 11903109, upload-time = "2026-08-09T13:44:55.501Z" },
    { url = "https://files.pythonhosted.org/packages/f3/f4/29e78102a80601cf034d4e9767022cffeca2c3b4c926e1754572ca95593d/numpy-2.5.2-cp312-cp312-macosx_14_0_arm64.whl", hash = "sha256:6e8172ddfcf5cf74b811d372b570b83c60bd2de87a6fbfbebdadb4a9bd9c6cbb", size = 5350202, upload-time = "2026-08-09T13:44:58.401Z" },
    { url = "https://files.pythonhosted.org/packages/11/4b/dcd3b7eadaf4035d2c7a4289d232523a6964f602598ef7674e4bd7291f93/numpy-2.5.2-cp312-cp312-macosx_14_0_x86_64.whl", hash = "sha256:65f188481f1669e26f62b701e8205d19e460fa4a9b52a1414ba382330e4a3414", size = 6687736, upload-time = "2026-08-09T13:45:00.813Z" },
    { url = "https://files.pythonhosted.org/packages/e5/21/4947e0e9d6c9fc2e2ff15b8949049ee44f63adb9cacc729ab8793f97e712/numpy-2.5.2-cp312-cp312-manylinux_2_27_aarch64.manylinux_2_28_aarch64.whl", hash = "sha256:8ee9c4eeb8454b3660a8b53493563c3e121c2fc94fbd72b848ef814ed7b676a9", size = 15612696, upload-time = "2026-08-09T13:45:04.151Z" },
    { url = "https://files.pythonhosted.org/packages/3a/5f/62d28cf019460c7f1394105b4d49d9911a9c444cb77ab0bd95a204c5a6de/numpy-2.5.2-cp312-cp312-manylinux_2_27_x86_64.manylinux_2_28_x86_64.whl", hash = "sha256:3cdec01fa790a186d430433fdd4d4ffb70eed6f0eeb4bf05c8dbe2dce0a9bcb8", size = 16722264, upload-time = "2026-08-09T13:45:07.714Z" },
    { url = "https://files.pythonhosted.org/packages/14/25/3f0be4c1b9fdf5dd5e708a6806978564d7c46a055c000496309ff2a2f8af/numpy-2.5.2-cp312-cp312-musllinux_1_2_aarch64.whl", hash = "sha256:7999d4ddb0c4025018373fd787510d46e04c769467af22869707b3c1cfd459ab", size = 16974396, upload-time = "2026-08-09T13:45:11.316Z" },
    { url = "https://files.pythonhosted.org/packages/22/72/6262cbdeeb45da9d971e40715f579d791603ba8ec0b5e2db1ac55454421d/numpy-2.5.2-cp312-cp312-musllinux_1_2_x86_64.whl", hash = "sha256:c1f017dc0875c9209d219f97feceb7d54c2661bb243deb4114478e1295808af7", size = 18476044, upload-time = "2026-08-09T13:45:14.869Z" },
    { url = "https://files.pythonhosted.org/packages/36/33/29208b8b075bde62d26a81d14b358c42b0f69b6cabd98d4ff97f37f22b05/numpy-2.5.2-cp312-cp312-win32.whl", hash = "sha256:d6a48072864e3324e194a8fbb3c657bcc5b5c869dbc64c9537b1d5c862572c0a", size = 6072817, upload-time = "2026-08-09T13:45:17.867Z" },
    { url = "https://files.pythonhosted.org/packages/7f/b9/87fea2769fe1c47c1b5b01d8310772c9d1a85d485de7cf386ef7a3332b02/numpy-2.5.2-cp312-cp312-win_amd64.whl", hash = "sha256:28ac63476ec7651484215ee7fa15a1f78b57c14621f01e392afe17b9a1390ce4", size = 12464674, upload-time = "2026-08-09T13:45:20.734Z" },
    { url = "https://files.pythonhosted.org/packages/14/52/032b97e00461ab0809bbe4c588b035620e5a14b8cdee47ecddefc7b17d33/numpy-2.5.2-cp312-cp312-win_arm64.whl", hash = "sha256:27650bb0e7140fa3d37b9923b4803645e0b125d190f326eecfd3f4dad8e8ade1", size = 10397131, upload-time = "2026-08-09T13:45:23.73Z" },
]

[[package]]
name = "ordered-set"
version = "4.1.0"
source = { registry = "https://pypi.org/simple" }
sdist = { url = "https://files.pythonhosted.org/packages/4c/ca/bfac8bc689799bcca4157e0e0ced07e70ce125193fc2e166d2e685b7e2fe/ordered-set-4.1.0.tar.gz", hash = "sha256:694a8e44c87657c59292ede72891eb91d34131f6531463aab3009191c77364a8", size = 12826, upload-time = "2022-01-26T14:38:56.6Z" }
wheels = [
    { url = "https://files.pythonhosted.org/packages/33/55/af02708f230eb77084a299d7b08175cff006dea4f2721074b92cdb0296c0/ordered_set-4.1.0-py3-none-any.whl", hash = "sha256:046e1132c71fcf3330438a539928932caf51ddbc582496833e23de611de14562", size = 7634, upload-time = "2022-01-26T14:38:48.677Z" },
]

[[package]]
name = "packaging"
version = "26.3"
source = { registry = "https://pypi.org/simple" }
sdist = { url = "https://files.pythonhosted.org/packages/7d/fa/3944b40b07da9ce895c0e6303a5ab7d53da063554f534556b134a54d6093/packaging-26.3.tar.gz", hash = "sha256:94edc256424af38762eb31306eed28beb9f0efc50a8837492c9d6fd6004aed79", size = 313412, upload-time = "2026-08-04T18:15:28.737Z" }
wheels = [
    { url = "https://files.pythonhosted.org/packages/63/34/ba1c580383c9eada3711951fef0795c80b829a078d72188184bcab9dd527/packaging-26.3-py3-none-any.whl", hash = "sha256:d7193f7c8e4e93f444fde0262bf90af30e16fa0ad0ad44cb553c87339b23cd1c", size = 129956, upload-time = "2026-08-04T18:15:27.159Z" },
]

[[package]]
name = "pluggy"
version = "1.6.0"
source = { registry = "https://pypi.org/simple" }
sdist = { url = "https://files.pythonhosted.org/packages/f9/e2/3e91f31a7d2b083fe6ef3fa267035b518369d9511ffab804f839851d2779/pluggy-1.6.0.tar.gz", hash = "sha256:7dcc130b76258d33b90f61b658791dede3486c3e6bfb003ee5c9bfb396dd22f3", size = 69412, upload-time = "2025-05-15T12:30:07.975Z" }
wheels = [
    { url = "https://files.pythonhosted.org/packages/54/20/4d324d65cc6d9205fabedc306948156824eb9f0ee1633355a8f7ec5c66bf/pluggy-1.6.0-py3-none-any.whl", hash = "sha256:e920276dd6813095e9377c0bc5566d94c932c33b27a3e3945d8389c374dd4746", size = 20538, upload-time = "2025-05-15T12:30:06.134Z" },
]

[[package]]
name = "pyside6"
version = "6.8.3"
source = { registry = "https://pypi.org/simple" }
dependencies = [
    { name = "pyside6-addons" },
    { name = "pyside6-essentials" },
    { name = "shiboken6" },
]
wheels = [
    { url = "https://files.pythonhosted.org/packages/ef/5f/dc408fb62a99d20e30f930f4de60c7d5c257d25a97baab600dc430f859bf/PySide6-6.8.3-cp39-abi3-macosx_12_0_universal2.whl", hash = "sha256:31f390c961b54067ae41360e5ea3b340ce0e0e5feadea2236c28226d3b37edcc", size = 553886, upload-time = "2025-03-27T12:10:10.147Z" },
    { url = "https://files.pythonhosted.org/packages/f0/00/67c41f7280ed9d1c53a50bdaa5a6050134875341f0be96a58d329fe71ade/PySide6-6.8.3-cp39-abi3-manylinux_2_28_x86_64.whl", hash = "sha256:8e53e2357bfbdee1fa86c48312bf637460a2c26d49e7af0b3fae2e179ccc7052", size = 554788, upload-time = "2025-03-27T12:10:12.514Z" },
    { url = "https://files.pythonhosted.org/packages/99/80/79df5af0f309f75297054caf127e82c6c4e6c3cd237a8abd428d18fe3a16/PySide6-6.8.3-cp39-abi3-manylinux_2_39_aarch64.whl", hash = "sha256:5bf5153cab9484629315f57c56a9ad4b7d075b4dd275f828f7549abf712c590b", size = 554785, upload-time = "2025-03-27T12:10:14.054Z" },
    { url = "https://files.pythonhosted.org/packages/ce/b0/238abab3e005fff130a455ba07e8f1323e624b14e41f70f2f62c6bdc2601/PySide6-6.8.3-cp39-abi3-win_amd64.whl", hash = "sha256:722dc0061d8ef6dbb8c0b99864f21e83a5b49ece1ecb2d0b890840d969e1e461", size = 561080, upload-time = "2025-03-27T12:10:15.467Z" },
]

[[package]]
name = "pyside6-addons"
version = "6.8.3"
source = { registry = "https://pypi.org/simple" }
dependencies = [
    { name = "pyside6-essentials" },
    { name = "shiboken6" },
]
wheels = [
    { url = "https://files.pythonhosted.org/packages/2f/23/fcd006128ecac40284fc218f804a46c52ebc1ad5995f3edb548d296f0d39/PySide6_Addons-6.8.3-cp39-abi3-macosx_12_0_universal2.whl", hash = "sha256:ea46649e40b9e6ab11a0da2da054d3914bff5607a5882885e9c3bc2eef200036", size = 302447038, upload-time = "2025-03-27T12:11:29.671Z" },
    { url = "https://files.pythonhosted.org/packages/49/93/e7c743e7a01e66f22cac4133c320832700b9d15a43d9a46dbd067cc1877e/PySide6_Addons-6.8.3-cp39-abi3-manylinux_2_28_x86_64.whl", hash = "sha256:6983d3b01fad53637bad5360930d5923509c744cc39704f9c1190eb9934e33da", size = 160547187, upload-time = "2025-03-27T12:12:13.027Z" },
    { url = "https://files.pythonhosted.org/packages/c7/5b/51217c90f9292651ef39ec3179bcb7797db1481a8f61138378720b1b91bc/PySide6_Addons-6.8.3-cp39-abi3-manylinux_2_39_aarch64.whl", hash = "sha256:7949a844a40ee10998eb2734e2c06c4c7182dfcd4c21cc4108a6b96655ebe59f", size = 156291508, upload-time = "2025-03-27T12:12:52.071Z" },
    { url = "https://files.pythonhosted.org/packages/77/e8/bbe84519355814166bbb7e867dfc8c7ea0044827d64b6b11c29a7b1a7424/PySide6_Addons-6.8.3-cp39-abi3-win_amd64.whl", hash = "sha256:67548f6db11f4e1b7e4b6efd9c3fc2e8d275188a7b2feac388961128572a6955", size = 127865208, upload-time = "2025-03-27T12:13:24.828Z" },
]

[[package]]
name = "pyside6-essentials"
version = "6.8.3"
source = { registry = "https://pypi.org/simple" }
dependencies = [
    { name = "shiboken6" },
]
wheels = [
    { url = "https://files.pythonhosted.org/packages/ad/74/082381f996baea3d6716d542c2184cb031e63f1cb6d4edca871fe82dd787/PySide6_Essentials-6.8.3-cp39-abi3-macosx_12_0_universal2.whl", hash = "sha256:aa56c135db924ecfaf50088baf32f737d28027419ca5fee67c0c7141b29184e3", size = 134189733, upload-time = "2025-03-27T12:14:00.369Z" },
    { url = "https://files.pythonhosted.org/packages/f0/b2/3205336262bf88d57f01503df81ede2a0b1eecbb2a7d58978a5e5625f7c1/PySide6_Essentials-6.8.3-cp39-abi3-manylinux_2_28_x86_64.whl", hash = "sha256:fd57fa0c886ef99b3844173322c0023ec77cc946a0c9a0cdfbc2ac5c511053c1", size = 95088226, upload-time = "2025-03-27T12:14:25.965Z" },
    { url = "https://files.pythonhosted.org/packages/c9/e9/c5c48563c0436465356dbef44ef0396713c1194c37c7bb4d75c83414b90c/PySide6_Essentials-6.8.3-cp39-abi3-manylinux_2_39_aarch64.whl", hash = "sha256:b4f4823f870b5bed477d6f7b6a3041839b859f70abfd703cf53208c73c2fe4cd", size = 92966444, upload-time = "2025-03-27T12:14:50.946Z" },
    { url = "https://files.pythonhosted.org/packages/8e/0f/5d8c6da7586e57ee032643e0c0e62335ef1a1add1a980160ddd1654f1d8d/PySide6_Essentials-6.8.3-cp39-abi3-win_amd64.whl", hash = "sha256:3c0fae5550aff69f2166f46476c36e0ef56ce73d84829eac4559770b0c034b07", size = 72191029, upload-time = "2025-03-27T12:15:10.425Z" },
]

[[package]]
name = "pytest"
version = "8.3.5"
source = { registry = "https://pypi.org/simple" }
dependencies = [
    { name = "colorama", marker = "sys_platform == 'win32'" },
    { name = "iniconfig" },
    { name = "packaging" },
    { name = "pluggy" },
]
sdist = { url = "https://files.pythonhosted.org/packages/ae/3c/c9d525a414d506893f0cd8a8d0de7706446213181570cdbd766691164e40/pytest-8.3.5.tar.gz", hash = "sha256:f4efe70cc14e511565ac476b57c279e12a855b11f48f212af1080ef2263d3845", size = 1450891, upload-time = "2025-03-02T12:54:54.503Z" }
wheels = [
    { url = "https://files.pythonhosted.org/packages/30/3d/64ad57c803f1fa1e963a7946b6e0fea4a70df53c1a7fed304586539c2bac/pytest-8.3.5-py3-none-any.whl", hash = "sha256:c69214aa47deac29fad6c2a4f590b9c4a9fdb16a403176fe154b79c0b4d4d820", size = 343634, upload-time = "2025-03-02T12:54:52.069Z" },
]

[[package]]
name = "ruff"
version = "0.9.10"
source = { registry = "https://pypi.org/simple" }
sdist = { url = "https://files.pythonhosted.org/packages/20/8e/fafaa6f15c332e73425d9c44ada85360501045d5ab0b81400076aff27cf6/ruff-0.9.10.tar.gz", hash = "sha256:9bacb735d7bada9cfb0f2c227d3658fc443d90a727b47f206fb33f52f3c0eac7", size = 3759776, upload-time = "2025-03-07T15:27:44.363Z" }
wheels = [
    { url = "https://files.pythonhosted.org/packages/73/b2/af7c2cc9e438cbc19fafeec4f20bfcd72165460fe75b2b6e9a0958c8c62b/ruff-0.9.10-py3-none-linux_armv6l.whl", hash = "sha256:eb4d25532cfd9fe461acc83498361ec2e2252795b4f40b17e80692814329e42d", size = 10049494, upload-time = "2025-03-07T15:26:51.268Z" },
    { url = "https://files.pythonhosted.org/packages/6d/12/03f6dfa1b95ddd47e6969f0225d60d9d7437c91938a310835feb27927ca0/ruff-0.9.10-py3-none-macosx_10_12_x86_64.whl", hash = "sha256:188a6638dab1aa9bb6228a7302387b2c9954e455fb25d6b4470cb0641d16759d", size = 10853584, upload-time = "2025-03-07T15:26:56.104Z" },
    { url = "https://files.pythonhosted.org/packages/02/49/1c79e0906b6ff551fb0894168763f705bf980864739572b2815ecd3c9df0/ruff-0.9.10-py3-none-macosx_11_0_arm64.whl", hash = "sha256:5284dcac6b9dbc2fcb71fdfc26a217b2ca4ede6ccd57476f52a587451ebe450d", size = 10155692, upload-time = "2025-03-07T15:27:01.385Z" },
    { url = "https://files.pythonhosted.org/packages/5b/01/85e8082e41585e0e1ceb11e41c054e9e36fed45f4b210991052d8a75089f/ruff-0.9.10-py3-none-manylinux_2_17_aarch64.manylinux2014_aarch64.whl", hash = "sha256:47678f39fa2a3da62724851107f438c8229a3470f533894b5568a39b40029c0c", size = 10369760, upload-time = "2025-03-07T15:27:04.023Z" },
    { url = "https://files.pythonhosted.org/packages/a1/90/0bc60bd4e5db051f12445046d0c85cc2c617095c0904f1aa81067dc64aea/ruff-0.9.10-py3-none-manylinux_2_17_armv7l.manylinux2014_armv7l.whl", hash = "sha256:99713a6e2766b7a17147b309e8c915b32b07a25c9efd12ada79f217c9c778b3e", size = 9912196, upload-time = "2025-03-07T15:27:06.93Z" },
    { url = "https://files.pythonhosted.org/packages/66/ea/0b7e8c42b1ec608033c4d5a02939c82097ddcb0b3e393e4238584b7054ab/ruff-0.9.10-py3-none-manylinux_2_17_i686.manylinux2014_i686.whl", hash = "sha256:524ee184d92f7c7304aa568e2db20f50c32d1d0caa235d8ddf10497566ea1a12", size = 11434985, upload-time = "2025-03-07T15:27:10.082Z" },
    { url = "https://files.pythonhosted.org/packages/d5/86/3171d1eff893db4f91755175a6e1163c5887be1f1e2f4f6c0c59527c2bfd/ruff-0.9.10-py3-none-manylinux_2_17_ppc64.manylinux2014_ppc64.whl", hash = "sha256:df92aeac30af821f9acf819fc01b4afc3dfb829d2782884f8739fb52a8119a16", size = 12155842, upload-time = "2025-03-07T15:27:12.727Z" },
    { url = "https://files.pythonhosted.org/packages/89/9e/700ca289f172a38eb0bca752056d0a42637fa17b81649b9331786cb791d7/ruff-0.9.10-py3-none-manylinux_2_17_ppc64le.manylinux2014_ppc64le.whl", hash = "sha256:de42e4edc296f520bb84954eb992a07a0ec5a02fecb834498415908469854a52", size = 11613804, upload-time = "2025-03-07T15:27:15.944Z" },
    { url = "https://files.pythonhosted.org/packages/f2/92/648020b3b5db180f41a931a68b1c8575cca3e63cec86fd26807422a0dbad/ruff-0.9.10-py3-none-manylinux_2_17_s390x.manylinux2014_s390x.whl", hash = "sha256:d257f95b65806104b6b1ffca0ea53f4ef98454036df65b1eda3693534813ecd1", size = 13823776, upload-time = "2025-03-07T15:27:18.996Z" },
    { url = "https://files.pythonhosted.org/packages/5e/a6/cc472161cd04d30a09d5c90698696b70c169eeba2c41030344194242db45/ruff-0.9.10-py3-none-manylinux_2_17_x86_64.manylinux2014_x86_64.whl", hash = "sha256:b60dec7201c0b10d6d11be00e8f2dbb6f40ef1828ee75ed739923799513db24c", size = 11302673, upload-time = "2025-03-07T15:27:21.655Z" },
    { url = "https://files.pythonhosted.org/packages/6c/db/d31c361c4025b1b9102b4d032c70a69adb9ee6fde093f6c3bf29f831c85c/ruff-0.9.10-py3-none-musllinux_1_2_aarch64.whl", hash = "sha256:d838b60007da7a39c046fcdd317293d10b845001f38bcb55ba766c3875b01e43", size = 10235358, upload-time = "2025-03-07T15:27:24.72Z" },
    { url = "https://files.pythonhosted.org/packages/d1/86/d6374e24a14d4d93ebe120f45edd82ad7dcf3ef999ffc92b197d81cdc2a5/ruff-0.9.10-py3-none-musllinux_1_2_armv7l.whl", hash = "sha256:ccaf903108b899beb8e09a63ffae5869057ab649c1e9231c05ae354ebc62066c", size = 9886177, upload-time = "2025-03-07T15:27:27.282Z" },
    { url = "https://files.pythonhosted.org/packages/00/62/a61691f6eaaac1e945a1f3f59f1eea9a218513139d5b6c2b8f88b43b5b8f/ruff-0.9.10-py3-none-musllinux_1_2_i686.whl", hash = "sha256:f9567d135265d46e59d62dc60c0bfad10e9a6822e231f5b24032dba5a55be6b5", size = 10864747, upload-time = "2025-03-07T15:27:30.637Z" },
    { url = "https://files.pythonhosted.org/packages/ee/94/2c7065e1d92a8a8a46d46d9c3cf07b0aa7e0a1e0153d74baa5e6620b4102/ruff-0.9.10-py3-none-musllinux_1_2_x86_64.whl", hash = "sha256:5f202f0d93738c28a89f8ed9eaba01b7be339e5d8d642c994347eaa81c6d75b8", size = 11360441, upload-time = "2025-03-07T15:27:33.356Z" },
    { url = "https://files.pythonhosted.org/packages/a7/8f/1f545ea6f9fcd7bf4368551fb91d2064d8f0577b3079bb3f0ae5779fb773/ruff-0.9.10-py3-none-win32.whl", hash = "sha256:bfb834e87c916521ce46b1788fbb8484966e5113c02df216680102e9eb960029", size = 10247401, upload-time = "2025-03-07T15:27:35.994Z" },
    { url = "https://files.pythonhosted.org/packages/4f/18/fb703603ab108e5c165f52f5b86ee2aa9be43bb781703ec87c66a5f5d604/ruff-0.9.10-py3-none-win_amd64.whl", hash = "sha256:f2160eeef3031bf4b17df74e307d4c5fb689a6f3a26a2de3f7ef4044e3c484f1", size = 11366360, upload-time = "2025-03-07T15:27:38.66Z" },
    { url = "https://files.pythonhosted.org/packages/35/85/338e603dc68e7d9994d5d84f24adbf69bae760ba5efd3e20f5ff2cec18da/ruff-0.9.10-py3-none-win_arm64.whl", hash = "sha256:5fd804c0327a5e5ea26615550e706942f348b197d5475ff34c19733aee4b2e69", size = 10436892, upload-time = "2025-03-07T15:27:41.687Z" },
]

[[package]]
name = "shapely"
version = "2.1.2"
source = { registry = "https://pypi.org/simple" }
dependencies = [
    { name = "numpy" },
]
sdist = { url = "https://files.pythonhosted.org/packages/4d/bc/0989043118a27cccb4e906a46b7565ce36ca7b57f5a18b78f4f1b0f72d9d/shapely-2.1.2.tar.gz", hash = "sha256:2ed4ecb28320a433db18a5bf029986aa8afcfd740745e78847e330d5d94922a9", size = 315489, upload-time = "2025-09-24T13:51:41.432Z" }
wheels = [
    { url = "https://files.pythonhosted.org/packages/24/c0/f3b6453cf2dfa99adc0ba6675f9aaff9e526d2224cbd7ff9c1a879238693/shapely-2.1.2-cp312-cp312-macosx_10_13_x86_64.whl", hash = "sha256:fe2533caae6a91a543dec62e8360fe86ffcdc42a7c55f9dfd0128a977a896b94", size = 1833550, upload-time = "2025-09-24T13:50:30.019Z" },
    { url = "https://files.pythonhosted.org/packages/86/07/59dee0bc4b913b7ab59ab1086225baca5b8f19865e6101db9ebb7243e132/shapely-2.1.2-cp312-cp312-macosx_11_0_arm64.whl", hash = "sha256:ba4d1333cc0bc94381d6d4308d2e4e008e0bd128bdcff5573199742ee3634359", size = 1643556, upload-time = "2025-09-24T13:50:32.291Z" },
    { url = "https://files.pythonhosted.org/packages/26/29/a5397e75b435b9895cd53e165083faed5d12fd9626eadec15a83a2411f0f/shapely-2.1.2-cp312-cp312-manylinux2014_aarch64.manylinux_2_17_aarch64.whl", hash = "sha256:0bd308103340030feef6c111d3eb98d50dc13feea33affc8a6f9fa549e9458a3", size = 2988308, upload-time = "2025-09-24T13:50:33.862Z" },
    { url = "https://files.pythonhosted.org/packages/b9/37/e781683abac55dde9771e086b790e554811a71ed0b2b8a1e789b7430dd44/shapely-2.1.2-cp312-cp312-manylinux2014_x86_64.manylinux_2_17_x86_64.whl", hash = "sha256:1e7d4d7ad262a48bb44277ca12c7c78cb1b0f56b32c10734ec9a1d30c0b0c54b", size = 3099844, upload-time = "2025-09-24T13:50:35.459Z" },
    { url = "https://files.pythonhosted.org/packages/d8/f3/9876b64d4a5a321b9dc482c92bb6f061f2fa42131cba643c699f39317cb9/shapely-2.1.2-cp312-cp312-musllinux_1_2_aarch64.whl", hash = "sha256:e9eddfe513096a71896441a7c37db72da0687b34752c4e193577a145c71736fc", size = 3988842, upload-time = "2025-09-24T13:50:37.478Z" },
    { url = "https://files.pythonhosted.org/packages/d1/a0/704c7292f7014c7e74ec84eddb7b109e1fbae74a16deae9c1504b1d15565/shapely-2.1.2-cp312-cp312-musllinux_1_2_x86_64.whl", hash = "sha256:980c777c612514c0cf99bc8a9de6d286f5e186dcaf9091252fcd444e5638193d", size = 4152714, upload-time = "2025-09-24T13:50:39.9Z" },
    { url = "https://files.pythonhosted.org/packages/53/46/319c9dc788884ad0785242543cdffac0e6530e4d0deb6c4862bc4143dcf3/shapely-2.1.2-cp312-cp312-win32.whl", hash = "sha256:9111274b88e4d7b54a95218e243282709b330ef52b7b86bc6aaf4f805306f454", size = 1542745, upload-time = "2025-09-24T13:50:41.414Z" },
    { url = "https://files.pythonhosted.org/packages/ec/bf/cb6c1c505cb31e818e900b9312d514f381fbfa5c4363edfce0fcc4f8c1a4/shapely-2.1.2-cp312-cp312-win_amd64.whl", hash = "sha256:743044b4cfb34f9a67205cee9279feaf60ba7d02e69febc2afc609047cb49179", size = 1722861, upload-time = "2025-09-24T13:50:43.35Z" },
]

[[package]]
name = "shiboken6"
version = "6.8.3"
source = { registry = "https://pypi.org/simple" }
wheels = [
    { url = "https://files.pythonhosted.org/packages/e5/89/162c763f2799786e16f9045aa599dcf126e0f5f6a517f1e0251ba0be17e6/shiboken6-6.8.3-cp39-abi3-macosx_12_0_universal2.whl", hash = "sha256:483efc7dd53c69147b8a8ade71f7619c79ffc683efcb1dc4f4cb6c40bb23d29b", size = 402402, upload-time = "2025-03-27T12:07:27.796Z" },
    { url = "https://files.pythonhosted.org/packages/76/a1/f1958c9d00176044ab00464cd89b6969ef3a7d2ed12d316ff1eda3dec88f/shiboken6-6.8.3-cp39-abi3-manylinux_2_28_x86_64.whl", hash = "sha256:295a003466ca2cccf6660e2f2ceb5e6cef4af192a48a196a32d46b6f0c9ec5cb", size = 204730, upload-time = "2025-03-27T12:07:29.773Z" },
    { url = "https://files.pythonhosted.org/packages/a8/8d/48ba0b33953592e54b688f2dceb06274f419f7743a3ea0f4e48faf837652/shiboken6-6.8.3-cp39-abi3-manylinux_2_39_aarch64.whl", hash = "sha256:2b1a41348102952d2a5fbf3630bddd4d44112e18058b5e4cf505e51f2812429d", size = 201025, upload-time = "2025-03-27T12:07:31.272Z" },
    { url = "https://files.pythonhosted.org/packages/aa/29/e77f3fba5337f2d98f977eece0fd24cda6cf7d83be2699514d2ca1d34f6c/shiboken6-6.8.3-cp39-abi3-win_amd64.whl", hash = "sha256:bca3a94513ce9242f7d4bbdca902072a1631888e0aa3a8711a52cc5dbe93588f", size = 1150998, upload-time = "2025-03-27T12:07:33.38Z" },
]

[[package]]
name = "typing-extensions"
version = "4.16.0"
source = { registry = "https://pypi.org/simple" }
sdist = { url = "https://files.pythonhosted.org/packages/f6/cc/6253133b5bb138fc3306cebfbda2c520f545d36b5be2c7255cc528bb45d6/typing_extensions-4.16.0.tar.gz", hash = "sha256:dc983d19a509c94dba722ee6abd33940f7c05a89e243c47e907eb4db6f1a43e5", size = 113555, upload-time = "2026-07-02T08:40:05.92Z" }
wheels = [
    { url = "https://files.pythonhosted.org/packages/49/d3/b8441a820a491ddfc024b0b0cf0393375b75ea13866d9c66727e54c2fc80/typing_extensions-4.16.0-py3-none-any.whl", hash = "sha256:481caa481374e813c1b176ada14e97f1f67a4539ce9cfeb3f350d78d6370c2e8", size = 45571, upload-time = "2026-07-02T08:40:04.659Z" },
]

[[package]]
name = "zstandard"
version = "0.25.0"
source = { registry = "https://pypi.org/simple" }
sdist = { url = "https://files.pythonhosted.org/packages/fd/aa/3e0508d5a5dd96529cdc5a97011299056e14c6505b678fd58938792794b1/zstandard-0.25.0.tar.gz", hash = "sha256:7713e1179d162cf5c7906da876ec2ccb9c3a9dcbdffef0cc7f70c3667a205f0b", size = 711513, upload-time = "2025-09-14T22:15:54.002Z" }
wheels = [
    { url = "https://files.pythonhosted.org/packages/82/fc/f26eb6ef91ae723a03e16eddb198abcfce2bc5a42e224d44cc8b6765e57e/zstandard-0.25.0-cp312-cp312-macosx_10_13_x86_64.whl", hash = "sha256:7b3c3a3ab9daa3eed242d6ecceead93aebbb8f5f84318d82cee643e019c4b73b", size = 795738, upload-time = "2025-09-14T22:16:56.237Z" },
    { url = "https://files.pythonhosted.org/packages/aa/1c/d920d64b22f8dd028a8b90e2d756e431a5d86194caa78e3819c7bf53b4b3/zstandard-0.25.0-cp312-cp312-macosx_11_0_arm64.whl", hash = "sha256:913cbd31a400febff93b564a23e17c3ed2d56c064006f54efec210d586171c00", size = 640436, upload-time = "2025-09-14T22:16:57.774Z" },
    { url = "https://files.pythonhosted.org/packages/53/6c/288c3f0bd9fcfe9ca41e2c2fbfd17b2097f6af57b62a81161941f09afa76/zstandard-0.25.0-cp312-cp312-manylinux2010_i686.manylinux2014_i686.manylinux_2_12_i686.manylinux_2_17_i686.whl", hash = "sha256:011d388c76b11a0c165374ce660ce2c8efa8e5d87f34996aa80f9c0816698b64", size = 5343019, upload-time = "2025-09-14T22:16:59.302Z" },
    { url = "https://files.pythonhosted.org/packages/1e/15/efef5a2f204a64bdb5571e6161d49f7ef0fffdbca953a615efbec045f60f/zstandard-0.25.0-cp312-cp312-manylinux2014_aarch64.manylinux_2_17_aarch64.whl", hash = "sha256:6dffecc361d079bb48d7caef5d673c88c8988d3d33fb74ab95b7ee6da42652ea", size = 5063012, upload-time = "2025-09-14T22:17:01.156Z" },
    { url = "https://files.pythonhosted.org/packages/b7/37/a6ce629ffdb43959e92e87ebdaeebb5ac81c944b6a75c9c47e300f85abdf/zstandard-0.25.0-cp312-cp312-manylinux2014_ppc64le.manylinux_2_17_ppc64le.whl", hash = "sha256:7149623bba7fdf7e7f24312953bcf73cae103db8cae49f8154dd1eadc8a29ecb", size = 5394148, upload-time = "2025-09-14T22:17:03.091Z" },
    { url = "https://files.pythonhosted.org/packages/e3/79/2bf870b3abeb5c070fe2d670a5a8d1057a8270f125ef7676d29ea900f496/zstandard-0.25.0-cp312-cp312-manylinux2014_s390x.manylinux_2_17_s390x.whl", hash = "sha256:6a573a35693e03cf1d67799fd01b50ff578515a8aeadd4595d2a7fa9f3ec002a", size = 5451652, upload-time = "2025-09-14T22:17:04.979Z" },
    { url = "https://files.pythonhosted.org/packages/53/60/7be26e610767316c028a2cbedb9a3beabdbe33e2182c373f71a1c0b88f36/zstandard-0.25.0-cp312-cp312-manylinux2014_x86_64.manylinux_2_17_x86_64.whl", hash = "sha256:5a56ba0db2d244117ed744dfa8f6f5b366e14148e00de44723413b2f3938a902", size = 5546993, upload-time = "2025-09-14T22:17:06.781Z" },
    { url = "https://files.pythonhosted.org/packages/85/c7/3483ad9ff0662623f3648479b0380d2de5510abf00990468c286c6b04017/zstandard-0.25.0-cp312-cp312-musllinux_1_1_aarch64.whl", hash = "sha256:10ef2a79ab8e2974e2075fb984e5b9806c64134810fac21576f0668e7ea19f8f", size = 5046806, upload-time = "2025-09-14T22:17:08.415Z" },
    { url = "https://files.pythonhosted.org/packages/08/b3/206883dd25b8d1591a1caa44b54c2aad84badccf2f1de9e2d60a446f9a25/zstandard-0.25.0-cp312-cp312-musllinux_1_1_x86_64.whl", hash = "sha256:aaf21ba8fb76d102b696781bddaa0954b782536446083ae3fdaa6f16b25a1c4b", size = 5576659, upload-time = "2025-09-14T22:17:10.164Z" },
    { url = "https://files.pythonhosted.org/packages/9d/31/76c0779101453e6c117b0ff22565865c54f48f8bd807df2b00c2c404b8e0/zstandard-0.25.0-cp312-cp312-musllinux_1_2_aarch64.whl", hash = "sha256:1869da9571d5e94a85a5e8d57e4e8807b175c9e4a6294e3b66fa4efb074d90f6", size = 4953933, upload-time = "2025-09-14T22:17:11.857Z" },
    { url = "https://files.pythonhosted.org/packages/18/e1/97680c664a1bf9a247a280a053d98e251424af51f1b196c6d52f117c9720/zstandard-0.25.0-cp312-cp312-musllinux_1_2_i686.whl", hash = "sha256:809c5bcb2c67cd0ed81e9229d227d4ca28f82d0f778fc5fea624a9def3963f91", size = 5268008, upload-time = "2025-09-14T22:17:13.627Z" },
    { url = "https://files.pythonhosted.org/packages/1e/73/316e4010de585ac798e154e88fd81bb16afc5c5cb1a72eeb16dd37e8024a/zstandard-0.25.0-cp312-cp312-musllinux_1_2_ppc64le.whl", hash = "sha256:f27662e4f7dbf9f9c12391cb37b4c4c3cb90ffbd3b1fb9284dadbbb8935fa708", size = 5433517, upload-time = "2025-09-14T22:17:16.103Z" },
    { url = "https://files.pythonhosted.org/packages/5b/60/dd0f8cfa8129c5a0ce3ea6b7f70be5b33d2618013a161e1ff26c2b39787c/zstandard-0.25.0-cp312-cp312-musllinux_1_2_s390x.whl", hash = "sha256:99c0c846e6e61718715a3c9437ccc625de26593fea60189567f0118dc9db7512", size = 5814292, upload-time = "2025-09-14T22:17:17.827Z" },
    { url = "https://files.pythonhosted.org/packages/fc/5f/75aafd4b9d11b5407b641b8e41a57864097663699f23e9ad4dbb91dc6bfe/zstandard-0.25.0-cp312-cp312-musllinux_1_2_x86_64.whl", hash = "sha256:474d2596a2dbc241a556e965fb76002c1ce655445e4e3bf38e5477d413165ffa", size = 5360237, upload-time = "2025-09-14T22:17:19.954Z" },
    { url = "https://files.pythonhosted.org/packages/ff/8d/0309daffea4fcac7981021dbf21cdb2e3427a9e76bafbcdbdf5392ff99a4/zstandard-0.25.0-cp312-cp312-win32.whl", hash = "sha256:23ebc8f17a03133b4426bcc04aabd68f8236eb78c3760f12783385171b0fd8bd", size = 436922, upload-time = "2025-09-14T22:17:24.398Z" },
    { url = "https://files.pythonhosted.org/packages/79/3b/fa54d9015f945330510cb5d0b0501e8253c127cca7ebe8ba46a965df18c5/zstandard-0.25.0-cp312-cp312-win_amd64.whl", hash = "sha256:ffef5a74088f1e09947aecf91011136665152e0b4b359c42be3373897fb39b01", size = 506276, upload-time = "2025-09-14T22:17:21.429Z" },
    { url = "https://files.pythonhosted.org/packages/ea/6b/8b51697e5319b1f9ac71087b0af9a40d8a6288ff8025c36486e0c12abcc4/zstandard-0.25.0-cp312-cp312-win_arm64.whl", hash = "sha256:181eb40e0b6a29b3cd2849f825e0fa34397f649170673d385f3598ae17cca2e9", size = 462679, upload-time = "2025-09-14T22:17:23.147Z" },
]
